{
  "name": "tsondo",
  "version": "0.1.0",
  "lockfileVersion": 2,
  "requires": true,
  "packages": {
    "": {
      "name": "tsondo",
      "version": "0.1.0",
      "dependencies": {
        "react": "18.2.0",
        "react-dom": "18.2.0",
        "react-router-dom": "6.14.1",
        "three": "0.161.0",
        "tone": "14.8.39",
        "@magenta/music": "3.0.0"
      },
      "devDependencies": {
        "vite": "5.0.0"
      }
    },
    "node_modules/react": {
      "version": "18.2.0",
      "resolved": "https://registry.npmjs.org/react/-/react-18.2.0.tgz",
      "integrity": "",
      "dev": false
    },
    "node_modules/react-dom": {
      "version": "18.2.0",
      "resolved": "https://registry.npmjs.org/react-dom/-/react-dom-18.2.0.tgz",
      "integrity": "",
      "dev": false
    },
    "node_modules/react-router-dom": {
      "version": "6.14.1",
      "resolved": "https://registry.npmjs.org/react-router-dom/-/react-router-dom-6.14.1.tgz",
      "integrity": "",
      "dev": false
    },
    "node_modules/three": {
      "version": "0.161.0",
      "resolved": "https://registry.npmjs.org/three/-/three-0.161.0.tgz",
      "integrity": "",
      "dev": false
    },
    "node_modules/tone": {
      "version": "14.8.39",
      "resolved": "https://registry.npmjs.org/tone/-/tone-14.8.39.tgz",
      "integrity": "",
      "dev": false
    },
    "node_modules/@magenta/music": {
      "version": "3.0.0",
      "resolved": "https://registry.npmjs.org/@magenta/music/-/music-3.0.0.tgz",
      "integrity": "",
      "dev": false
    },
    "node_modules/vite": {
      "version": "5.0.0",
      "resolved": "https://registry.npmjs.org/vite/-/vite-5.0.0.tgz",
      "integrity": "",
      "dev": true
    }
  },
  "dependencies": {
    "react": {
      "version": "18.2.0",
      "resolved": "https://registry.npmjs.org/react/-/react-18.2.0.tgz",
      "integrity": ""
    },
    "react-dom": {
      "version": "18.2.0",
      "resolved": "https://registry.npmjs.org/react-dom/-/react-dom-18.2.0.tgz",
      "integrity": ""
    },
    "react-router-dom": {
      "version": "6.14.1",
      "resolved": "https://registry.npmjs.org/react-router-dom/-/react-router-dom-6.14.1.tgz",
      "integrity": ""
    },
    "three": {
      "version": "0.161.0",
      "resolved": "https://registry.npmjs.org/three/-/three-0.161.0.tgz",
      "integrity": ""
    },
    "tone": {
      "version": "14.8.39",
      "resolved": "https://registry.npmjs.org/tone/-/tone-14.8.39.tgz",
      "integrity": ""
    },
    "@magenta/music": {
      "version": "3.0.0",
      "resolved": "https://registry.npmjs.org/@magenta/music/-/music-3.0.0.tgz",
      "integrity": ""
    },
    "vite": {
      "version": "5.0.0",
      "resolved": "https://registry.npmjs.org/vite/-/vite-5.0.0.tgz",
      "integrity": "",
      "dev": true
    }
  }
}
